// !$*UTF8*$!
{
	archiveVersion = 1;
	classes = {
	};
	objectVersion = 50;
	objects = {

/* Begin PBXBuildFile section */
		651415C4243AB8A50068BC1B /* Dependencies.swift in Sources */ = {isa = PBXBuildFile; fileRef = 651415C3243AB8A50068BC1B /* Dependencies.swift */; };
		651415C6243AC7150068BC1B /* ProgressBar.swift in Sources */ = {isa = PBXBuildFile; fileRef = 651415C5243AC7150068BC1B /* ProgressBar.swift */; };
		651415C8243B53120068BC1B /* PlayerControls.swift in Sources */ = {isa = PBXBuildFile; fileRef = 651415C7243B53120068BC1B /* PlayerControls.swift */; };
		651415CA243B53440068BC1B /* UIPlayerView.swift in Sources */ = {isa = PBXBuildFile; fileRef = 651415C9243B53440068BC1B /* UIPlayerView.swift */; };
		651415D3243B553A0068BC1B /* VideoList+ViewModel.swift in Sources */ = {isa = PBXBuildFile; fileRef = 651415D2243B553A0068BC1B /* VideoList+ViewModel.swift */; };
		651415D5243B55460068BC1B /* VideoDetails+ViewModel.swift in Sources */ = {isa = PBXBuildFile; fileRef = 651415D4243B55460068BC1B /* VideoDetails+ViewModel.swift */; };
		651415D7243B55AB0068BC1B /* AsyncImage+ImageLoader.swift in Sources */ = {isa = PBXBuildFile; fileRef = 651415D6243B55AB0068BC1B /* AsyncImage+ImageLoader.swift */; };
		6514CCA324390A84007F2802 /* VideoViewer.xcdatamodeld in Sources */ = {isa = PBXBuildFile; fileRef = 6514CCA124390A84007F2802 /* VideoViewer.xcdatamodeld */; };
		6514CCD624391285007F2802 /* VideoItem.swift in Sources */ = {isa = PBXBuildFile; fileRef = 6514CCD524391285007F2802 /* VideoItem.swift */; };
		6514CCD8243924D6007F2802 /* CoreDataService.swift in Sources */ = {isa = PBXBuildFile; fileRef = 6514CCD7243924D6007F2802 /* CoreDataService.swift */; };
		6518EAE22439F050005A2F91 /* ImageCache.swift in Sources */ = {isa = PBXBuildFile; fileRef = 6518EAE12439F050005A2F91 /* ImageCache.swift */; };
		6518EAE4243A8D87005A2F91 /* HLSService.swift in Sources */ = {isa = PBXBuildFile; fileRef = 6518EAE3243A8D87005A2F91 /* HLSService.swift */; };
		6561986E2434D2BC006B2C15 /* AppDelegate.swift in Sources */ = {isa = PBXBuildFile; fileRef = 6561986D2434D2BC006B2C15 /* AppDelegate.swift */; };
		656198702434D2BC006B2C15 /* SceneDelegate.swift in Sources */ = {isa = PBXBuildFile; fileRef = 6561986F2434D2BC006B2C15 /* SceneDelegate.swift */; };
		656198722434D2BC006B2C15 /* VideoList.swift in Sources */ = {isa = PBXBuildFile; fileRef = 656198712434D2BC006B2C15 /* VideoList.swift */; };
		656198742434D2BE006B2C15 /* Assets.xcassets in Resources */ = {isa = PBXBuildFile; fileRef = 656198732434D2BE006B2C15 /* Assets.xcassets */; };
		656198772434D2BE006B2C15 /* Preview Assets.xcassets in Resources */ = {isa = PBXBuildFile; fileRef = 656198762434D2BE006B2C15 /* Preview Assets.xcassets */; };
		6561987A2434D2BE006B2C15 /* LaunchScreen.storyboard in Resources */ = {isa = PBXBuildFile; fileRef = 656198782434D2BE006B2C15 /* LaunchScreen.storyboard */; };
		65672BB7243B67C900BA0F65 /* Extensions.swift in Sources */ = {isa = PBXBuildFile; fileRef = 65672BB6243B67C900BA0F65 /* Extensions.swift */; };
		65672BB9243B715F00BA0F65 /* RefreshControl.swift in Sources */ = {isa = PBXBuildFile; fileRef = 65672BB8243B715E00BA0F65 /* RefreshControl.swift */; };
		657665652436477700EC2629 /* Player.swift in Sources */ = {isa = PBXBuildFile; fileRef = 657665642436477700EC2629 /* Player.swift */; };
		65852E84243CA4EB0079A69C /* PlayerView.swift in Sources */ = {isa = PBXBuildFile; fileRef = 65852E83243CA4EB0079A69C /* PlayerView.swift */; };
		659A21F6243BB7E9002E4097 /* VideoListViewModelTests.swift in Sources */ = {isa = PBXBuildFile; fileRef = 659A21F5243BB7E9002E4097 /* VideoListViewModelTests.swift */; };
		659A21F9243BCC28002E4097 /* VideoUseCase.swift in Sources */ = {isa = PBXBuildFile; fileRef = 651415CC243B545B0068BC1B /* VideoUseCase.swift */; };
		65BA99282434D77A00A722B4 /* APIService.swift in Sources */ = {isa = PBXBuildFile; fileRef = 65BA99272434D77A00A722B4 /* APIService.swift */; };
		65BA992A2434DA3900A722B4 /* VideoRow.swift in Sources */ = {isa = PBXBuildFile; fileRef = 65BA99292434DA3900A722B4 /* VideoRow.swift */; };
		65BA992E2434EE5B00A722B4 /* VideoDetails.swift in Sources */ = {isa = PBXBuildFile; fileRef = 65BA992D2434EE5B00A722B4 /* VideoDetails.swift */; };
		65BA993024351CE700A722B4 /* AsyncImage.swift in Sources */ = {isa = PBXBuildFile; fileRef = 65BA992F24351CE700A722B4 /* AsyncImage.swift */; };
		65BA99322435219400A722B4 /* ActivityIndicator.swift in Sources */ = {isa = PBXBuildFile; fileRef = 65BA99312435219400A722B4 /* ActivityIndicator.swift */; };
		65C2BC162437E0BD00F345CA /* Response.swift in Sources */ = {isa = PBXBuildFile; fileRef = 65C2BC152437E0BD00F345CA /* Response.swift */; };
		65C2BC182437E11D00F345CA /* Endpoint.swift in Sources */ = {isa = PBXBuildFile; fileRef = 65C2BC172437E11D00F345CA /* Endpoint.swift */; };
		65DDE810243B619800DBEE85 /* Asset.swift in Sources */ = {isa = PBXBuildFile; fileRef = 65DDE80F243B619800DBEE85 /* Asset.swift */; };
		65F610A6243BDFE9009539A2 /* VideoDetailsViewModelTests.swift in Sources */ = {isa = PBXBuildFile; fileRef = 65F610A5243BDFE9009539A2 /* VideoDetailsViewModelTests.swift */; };
		65F610A9243BE019009539A2 /* APIServiceMock.swift in Sources */ = {isa = PBXBuildFile; fileRef = 65F610A8243BE019009539A2 /* APIServiceMock.swift */; };
		65F610AB243BE05D009539A2 /* CoreDataServiceMock.swift in Sources */ = {isa = PBXBuildFile; fileRef = 65F610AA243BE05D009539A2 /* CoreDataServiceMock.swift */; };
		65F610AD243BEAF2009539A2 /* HLSServiceMock.swift in Sources */ = {isa = PBXBuildFile; fileRef = 65F610AC243BEAF2009539A2 /* HLSServiceMock.swift */; };
/* End PBXBuildFile section */

/* Begin PBXContainerItemProxy section */
		659A221E243BCD00002E4097 /* PBXContainerItemProxy */ = {
			isa = PBXContainerItemProxy;
			containerPortal = 656198622434D2BC006B2C15 /* Project object */;
			proxyType = 1;
			remoteGlobalIDString = 656198692434D2BC006B2C15;
			remoteInfo = VideoViewer;
		};
/* End PBXContainerItemProxy section */

/* Begin PBXFileReference section */
		651415C3243AB8A50068BC1B /* Dependencies.swift */ = {isa = PBXFileReference; lastKnownFileType = sourcecode.swift; path = Dependencies.swift; sourceTree = "<group>"; };
		651415C5243AC7150068BC1B /* ProgressBar.swift */ = {isa = PBXFileReference; lastKnownFileType = sourcecode.swift; path = ProgressBar.swift; sourceTree = "<group>"; };
		651415C7243B53120068BC1B /* PlayerControls.swift */ = {isa = PBXFileReference; lastKnownFileType = sourcecode.swift; path = PlayerControls.swift; sourceTree = "<group>"; };
		651415C9243B53440068BC1B /* UIPlayerView.swift */ = {isa = PBXFileReference; lastKnownFileType = sourcecode.swift; path = UIPlayerView.swift; sourceTree = "<group>"; };
		651415CC243B545B0068BC1B /* VideoUseCase.swift */ = {isa = PBXFileReference; lastKnownFileType = sourcecode.swift; path = VideoUseCase.swift; sourceTree = "<group>"; };
		651415D2243B553A0068BC1B /* VideoList+ViewModel.swift */ = {isa = PBXFileReference; lastKnownFileType = sourcecode.swift; path = "VideoList+ViewModel.swift"; sourceTree = "<group>"; };
		651415D4243B55460068BC1B /* VideoDetails+ViewModel.swift */ = {isa = PBXFileReference; lastKnownFileType = sourcecode.swift; path = "VideoDetails+ViewModel.swift"; sourceTree = "<group>"; };
		651415D6243B55AB0068BC1B /* AsyncImage+ImageLoader.swift */ = {isa = PBXFileReference; lastKnownFileType = sourcecode.swift; path = "AsyncImage+ImageLoader.swift"; sourceTree = "<group>"; };
		6514CCA224390A84007F2802 /* VideoViewer.xcdatamodel */ = {isa = PBXFileReference; lastKnownFileType = wrapper.xcdatamodel; path = VideoViewer.xcdatamodel; sourceTree = "<group>"; };
		6514CCD524391285007F2802 /* VideoItem.swift */ = {isa = PBXFileReference; lastKnownFileType = sourcecode.swift; path = VideoItem.swift; sourceTree = "<group>"; };
		6514CCD7243924D6007F2802 /* CoreDataService.swift */ = {isa = PBXFileReference; lastKnownFileType = sourcecode.swift; path = CoreDataService.swift; sourceTree = "<group>"; };
		6518EAE12439F050005A2F91 /* ImageCache.swift */ = {isa = PBXFileReference; lastKnownFileType = sourcecode.swift; path = ImageCache.swift; sourceTree = "<group>"; };
		6518EAE3243A8D87005A2F91 /* HLSService.swift */ = {isa = PBXFileReference; lastKnownFileType = sourcecode.swift; path = HLSService.swift; sourceTree = "<group>"; };
		6561986A2434D2BC006B2C15 /* VideoViewer.app */ = {isa = PBXFileReference; explicitFileType = wrapper.application; includeInIndex = 0; path = VideoViewer.app; sourceTree = BUILT_PRODUCTS_DIR; };
		6561986D2434D2BC006B2C15 /* AppDelegate.swift */ = {isa = PBXFileReference; lastKnownFileType = sourcecode.swift; path = AppDelegate.swift; sourceTree = "<group>"; };
		6561986F2434D2BC006B2C15 /* SceneDelegate.swift */ = {isa = PBXFileReference; lastKnownFileType = sourcecode.swift; path = SceneDelegate.swift; sourceTree = "<group>"; };
		656198712434D2BC006B2C15 /* VideoList.swift */ = {isa = PBXFileReference; lastKnownFileType = sourcecode.swift; path = VideoList.swift; sourceTree = "<group>"; };
		656198732434D2BE006B2C15 /* Assets.xcassets */ = {isa = PBXFileReference; lastKnownFileType = folder.assetcatalog; path = Assets.xcassets; sourceTree = "<group>"; };
		656198762434D2BE006B2C15 /* Preview Assets.xcassets */ = {isa = PBXFileReference; lastKnownFileType = folder.assetcatalog; path = "Preview Assets.xcassets"; sourceTree = "<group>"; };
		656198792434D2BE006B2C15 /* Base */ = {isa = PBXFileReference; lastKnownFileType = file.storyboard; name = Base; path = Base.lproj/LaunchScreen.storyboard; sourceTree = "<group>"; };
		6561987B2434D2BE006B2C15 /* Info.plist */ = {isa = PBXFileReference; lastKnownFileType = text.plist.xml; path = Info.plist; sourceTree = "<group>"; };
		656198802434D2BE006B2C15 /* VideoViewerTests.xctest */ = {isa = PBXFileReference; explicitFileType = wrapper.cfbundle; includeInIndex = 0; path = VideoViewerTests.xctest; sourceTree = BUILT_PRODUCTS_DIR; };
		656198862434D2BE006B2C15 /* Info.plist */ = {isa = PBXFileReference; lastKnownFileType = text.plist.xml; path = Info.plist; sourceTree = "<group>"; };
		65672BB6243B67C900BA0F65 /* Extensions.swift */ = {isa = PBXFileReference; lastKnownFileType = sourcecode.swift; path = Extensions.swift; sourceTree = "<group>"; };
		65672BB8243B715E00BA0F65 /* RefreshControl.swift */ = {isa = PBXFileReference; lastKnownFileType = sourcecode.swift; path = RefreshControl.swift; sourceTree = "<group>"; };
		657665642436477700EC2629 /* Player.swift */ = {isa = PBXFileReference; lastKnownFileType = sourcecode.swift; path = Player.swift; sourceTree = "<group>"; };
		65852E83243CA4EB0079A69C /* PlayerView.swift */ = {isa = PBXFileReference; lastKnownFileType = sourcecode.swift; path = PlayerView.swift; sourceTree = "<group>"; };
		659A21F5243BB7E9002E4097 /* VideoListViewModelTests.swift */ = {isa = PBXFileReference; lastKnownFileType = sourcecode.swift; path = VideoListViewModelTests.swift; sourceTree = "<group>"; };
		65BA99272434D77A00A722B4 /* APIService.swift */ = {isa = PBXFileReference; lastKnownFileType = sourcecode.swift; path = APIService.swift; sourceTree = "<group>"; };
		65BA99292434DA3900A722B4 /* VideoRow.swift */ = {isa = PBXFileReference; lastKnownFileType = sourcecode.swift; path = VideoRow.swift; sourceTree = "<group>"; };
		65BA992D2434EE5B00A722B4 /* VideoDetails.swift */ = {isa = PBXFileReference; lastKnownFileType = sourcecode.swift; path = VideoDetails.swift; sourceTree = "<group>"; };
		65BA992F24351CE700A722B4 /* AsyncImage.swift */ = {isa = PBXFileReference; lastKnownFileType = sourcecode.swift; path = AsyncImage.swift; sourceTree = "<group>"; };
		65BA99312435219400A722B4 /* ActivityIndicator.swift */ = {isa = PBXFileReference; lastKnownFileType = sourcecode.swift; path = ActivityIndicator.swift; sourceTree = "<group>"; };
		65C2BC152437E0BD00F345CA /* Response.swift */ = {isa = PBXFileReference; lastKnownFileType = sourcecode.swift; path = Response.swift; sourceTree = "<group>"; };
		65C2BC172437E11D00F345CA /* Endpoint.swift */ = {isa = PBXFileReference; lastKnownFileType = sourcecode.swift; path = Endpoint.swift; sourceTree = "<group>"; };
		65DDE80F243B619800DBEE85 /* Asset.swift */ = {isa = PBXFileReference; lastKnownFileType = sourcecode.swift; path = Asset.swift; sourceTree = "<group>"; };
		65F610A5243BDFE9009539A2 /* VideoDetailsViewModelTests.swift */ = {isa = PBXFileReference; lastKnownFileType = sourcecode.swift; path = VideoDetailsViewModelTests.swift; sourceTree = "<group>"; };
		65F610A8243BE019009539A2 /* APIServiceMock.swift */ = {isa = PBXFileReference; lastKnownFileType = sourcecode.swift; path = APIServiceMock.swift; sourceTree = "<group>"; };
		65F610AA243BE05D009539A2 /* CoreDataServiceMock.swift */ = {isa = PBXFileReference; lastKnownFileType = sourcecode.swift; path = CoreDataServiceMock.swift; sourceTree = "<group>"; };
		65F610AC243BEAF2009539A2 /* HLSServiceMock.swift */ = {isa = PBXFileReference; lastKnownFileType = sourcecode.swift; path = HLSServiceMock.swift; sourceTree = "<group>"; };
/* End PBXFileReference section */

/* Begin PBXFrameworksBuildPhase section */
		656198672434D2BC006B2C15 /* Frameworks */ = {
			isa = PBXFrameworksBuildPhase;
			buildActionMask = 2147483647;
			files = (
			);
			runOnlyForDeploymentPostprocessing = 0;
		};
		6561987D2434D2BE006B2C15 /* Frameworks */ = {
			isa = PBXFrameworksBuildPhase;
			buildActionMask = 2147483647;
			files = (
			);
			runOnlyForDeploymentPostprocessing = 0;
		};
/* End PBXFrameworksBuildPhase section */

/* Begin PBXGroup section */
		651415CB243B53530068BC1B /* Player */ = {
			isa = PBXGroup;
			children = (
				657665642436477700EC2629 /* Player.swift */,
				65852E83243CA4EB0079A69C /* PlayerView.swift */,
				651415C7243B53120068BC1B /* PlayerControls.swift */,
				651415C9243B53440068BC1B /* UIPlayerView.swift */,
			);
			path = Player;
			sourceTree = "<group>";
		};
		651415CE243B54790068BC1B /* Dependencies */ = {
			isa = PBXGroup;
			children = (
				651415CF243B549E0068BC1B /* Models */,
				651415C3243AB8A50068BC1B /* Dependencies.swift */,
				65C2BC172437E11D00F345CA /* Endpoint.swift */,
				65BA99272434D77A00A722B4 /* APIService.swift */,
				6514CCD7243924D6007F2802 /* CoreDataService.swift */,
				6518EAE3243A8D87005A2F91 /* HLSService.swift */,
			);
			path = Dependencies;
			sourceTree = "<group>";
		};
		651415CF243B549E0068BC1B /* Models */ = {
			isa = PBXGroup;
			children = (
				65C2BC152437E0BD00F345CA /* Response.swift */,
				6514CCD524391285007F2802 /* VideoItem.swift */,
				65DDE80F243B619800DBEE85 /* Asset.swift */,
			);
			path = Models;
			sourceTree = "<group>";
		};
		651415D0243B54F70068BC1B /* Views */ = {
			isa = PBXGroup;
			children = (
				651415DB243B56B90068BC1B /* UseCases */,
				651415D8243B55DF0068BC1B /* AsyncImage */,
				651415CB243B53530068BC1B /* Player */,
				65BA99312435219400A722B4 /* ActivityIndicator.swift */,
				651415C5243AC7150068BC1B /* ProgressBar.swift */,
				65672BB8243B715E00BA0F65 /* RefreshControl.swift */,
				656198712434D2BC006B2C15 /* VideoList.swift */,
				65BA99292434DA3900A722B4 /* VideoRow.swift */,
				65BA992D2434EE5B00A722B4 /* VideoDetails.swift */,
			);
			path = Views;
			sourceTree = "<group>";
		};
		651415D1243B55260068BC1B /* ViewModels */ = {
			isa = PBXGroup;
			children = (
				651415D2243B553A0068BC1B /* VideoList+ViewModel.swift */,
				651415D4243B55460068BC1B /* VideoDetails+ViewModel.swift */,
			);
			path = ViewModels;
			sourceTree = "<group>";
		};
		651415D8243B55DF0068BC1B /* AsyncImage */ = {
			isa = PBXGroup;
			children = (
				65BA992F24351CE700A722B4 /* AsyncImage.swift */,
				651415D6243B55AB0068BC1B /* AsyncImage+ImageLoader.swift */,
			);
			path = AsyncImage;
			sourceTree = "<group>";
		};
		651415DB243B56B90068BC1B /* UseCases */ = {
			isa = PBXGroup;
			children = (
				651415CC243B545B0068BC1B /* VideoUseCase.swift */,
			);
			path = UseCases;
			sourceTree = "<group>";
		};
		656198612434D2BC006B2C15 = {
			isa = PBXGroup;
			children = (
				6561986C2434D2BC006B2C15 /* VideoViewer */,
				656198832434D2BE006B2C15 /* VideoViewerTests */,
				6561986B2434D2BC006B2C15 /* Products */,
			);
			sourceTree = "<group>";
		};
		6561986B2434D2BC006B2C15 /* Products */ = {
			isa = PBXGroup;
			children = (
				6561986A2434D2BC006B2C15 /* VideoViewer.app */,
				656198802434D2BE006B2C15 /* VideoViewerTests.xctest */,
			);
			name = Products;
			sourceTree = "<group>";
		};
		6561986C2434D2BC006B2C15 /* VideoViewer */ = {
			isa = PBXGroup;
			children = (
				651415D0243B54F70068BC1B /* Views */,
				651415D1243B55260068BC1B /* ViewModels */,
				651415CE243B54790068BC1B /* Dependencies */,
				6561986D2434D2BC006B2C15 /* AppDelegate.swift */,
				6561986F2434D2BC006B2C15 /* SceneDelegate.swift */,
				6518EAE12439F050005A2F91 /* ImageCache.swift */,
				65672BB6243B67C900BA0F65 /* Extensions.swift */,
				6561987B2434D2BE006B2C15 /* Info.plist */,
				656198732434D2BE006B2C15 /* Assets.xcassets */,
				656198782434D2BE006B2C15 /* LaunchScreen.storyboard */,
				656198752434D2BE006B2C15 /* Preview Content */,
				6514CCA124390A84007F2802 /* VideoViewer.xcdatamodeld */,
			);
			path = VideoViewer;
			sourceTree = "<group>";
		};
		656198752434D2BE006B2C15 /* Preview Content */ = {
			isa = PBXGroup;
			children = (
				656198762434D2BE006B2C15 /* Preview Assets.xcassets */,
			);
			path = "Preview Content";
			sourceTree = "<group>";
		};
		656198832434D2BE006B2C15 /* VideoViewerTests */ = {
			isa = PBXGroup;
			children = (
				65F610A7243BDFFB009539A2 /* Dependencies */,
				659A21F5243BB7E9002E4097 /* VideoListViewModelTests.swift */,
				65F610A5243BDFE9009539A2 /* VideoDetailsViewModelTests.swift */,
				656198862434D2BE006B2C15 /* Info.plist */,
			);
			path = VideoViewerTests;
			sourceTree = "<group>";
		};
		65F610A7243BDFFB009539A2 /* Dependencies */ = {
			isa = PBXGroup;
			children = (
				65F610A8243BE019009539A2 /* APIServiceMock.swift */,
				65F610AA243BE05D009539A2 /* CoreDataServiceMock.swift */,
				65F610AC243BEAF2009539A2 /* HLSServiceMock.swift */,
			);
			path = Dependencies;
			sourceTree = "<group>";
		};
/* End PBXGroup section */

/* Begin PBXNativeTarget section */
		656198692434D2BC006B2C15 /* VideoViewer */ = {
			isa = PBXNativeTarget;
			buildConfigurationList = 656198892434D2BE006B2C15 /* Build configuration list for PBXNativeTarget "VideoViewer" */;
			buildPhases = (
				656198662434D2BC006B2C15 /* Sources */,
				656198672434D2BC006B2C15 /* Frameworks */,
				656198682434D2BC006B2C15 /* Resources */,
			);
			buildRules = (
			);
			dependencies = (
			);
			name = VideoViewer;
			productName = VideoViewer;
			productReference = 6561986A2434D2BC006B2C15 /* VideoViewer.app */;
			productType = "com.apple.product-type.application";
		};
		6561987F2434D2BE006B2C15 /* VideoViewerTests */ = {
			isa = PBXNativeTarget;
			buildConfigurationList = 6561988C2434D2BE006B2C15 /* Build configuration list for PBXNativeTarget "VideoViewerTests" */;
			buildPhases = (
				6561987C2434D2BE006B2C15 /* Sources */,
				6561987D2434D2BE006B2C15 /* Frameworks */,
				6561987E2434D2BE006B2C15 /* Resources */,
			);
			buildRules = (
			);
			dependencies = (
				659A221F243BCD00002E4097 /* PBXTargetDependency */,
			);
			name = VideoViewerTests;
			productName = VideoViewerTests;
			productReference = 656198802434D2BE006B2C15 /* VideoViewerTests.xctest */;
			productType = "com.apple.product-type.bundle.unit-test";
		};
/* End PBXNativeTarget section */

/* Begin PBXProject section */
		656198622434D2BC006B2C15 /* Project object */ = {
			isa = PBXProject;
			attributes = {
				LastSwiftUpdateCheck = 1140;
				LastUpgradeCheck = 1140;
				ORGANIZATIONNAME = "Edgars Vanags";
				TargetAttributes = {
					656198692434D2BC006B2C15 = {
						CreatedOnToolsVersion = 11.4;
					};
					6561987F2434D2BE006B2C15 = {
						CreatedOnToolsVersion = 11.4;
						TestTargetID = 656198692434D2BC006B2C15;
					};
				};
			};
			buildConfigurationList = 656198652434D2BC006B2C15 /* Build configuration list for PBXProject "VideoViewer" */;
			compatibilityVersion = "Xcode 9.3";
			developmentRegion = en;
			hasScannedForEncodings = 0;
			knownRegions = (
				en,
				Base,
			);
			mainGroup = 656198612434D2BC006B2C15;
			productRefGroup = 6561986B2434D2BC006B2C15 /* Products */;
			projectDirPath = "";
			projectRoot = "";
			targets = (
				656198692434D2BC006B2C15 /* VideoViewer */,
				6561987F2434D2BE006B2C15 /* VideoViewerTests */,
			);
		};
/* End PBXProject section */

/* Begin PBXResourcesBuildPhase section */
		656198682434D2BC006B2C15 /* Resources */ = {
			isa = PBXResourcesBuildPhase;
			buildActionMask = 2147483647;
			files = (
				6561987A2434D2BE006B2C15 /* LaunchScreen.storyboard in Resources */,
				656198772434D2BE006B2C15 /* Preview Assets.xcassets in Resources */,
				656198742434D2BE006B2C15 /* Assets.xcassets in Resources */,
			);
			runOnlyForDeploymentPostprocessing = 0;
		};
		6561987E2434D2BE006B2C15 /* Resources */ = {
			isa = PBXResourcesBuildPhase;
			buildActionMask = 2147483647;
			files = (
			);
			runOnlyForDeploymentPostprocessing = 0;
		};
/* End PBXResourcesBuildPhase section */

/* Begin PBXSourcesBuildPhase section */
		656198662434D2BC006B2C15 /* Sources */ = {
			isa = PBXSourcesBuildPhase;
			buildActionMask = 2147483647;
			files = (
				6518EAE22439F050005A2F91 /* ImageCache.swift in Sources */,
				6514CCD8243924D6007F2802 /* CoreDataService.swift in Sources */,
				6561986E2434D2BC006B2C15 /* AppDelegate.swift in Sources */,
				651415CA243B53440068BC1B /* UIPlayerView.swift in Sources */,
				651415D3243B553A0068BC1B /* VideoList+ViewModel.swift in Sources */,
				651415D7243B55AB0068BC1B /* AsyncImage+ImageLoader.swift in Sources */,
				65672BB9243B715F00BA0F65 /* RefreshControl.swift in Sources */,
				651415C4243AB8A50068BC1B /* Dependencies.swift in Sources */,
				651415C6243AC7150068BC1B /* ProgressBar.swift in Sources */,
				65BA992E2434EE5B00A722B4 /* VideoDetails.swift in Sources */,
				656198702434D2BC006B2C15 /* SceneDelegate.swift in Sources */,
				65BA993024351CE700A722B4 /* AsyncImage.swift in Sources */,
				65C2BC162437E0BD00F345CA /* Response.swift in Sources */,
				651415C8243B53120068BC1B /* PlayerControls.swift in Sources */,
				659A21F9243BCC28002E4097 /* VideoUseCase.swift in Sources */,
				6514CCD624391285007F2802 /* VideoItem.swift in Sources */,
				65BA992A2434DA3900A722B4 /* VideoRow.swift in Sources */,
				65BA99282434D77A00A722B4 /* APIService.swift in Sources */,
				65DDE810243B619800DBEE85 /* Asset.swift in Sources */,
				65BA99322435219400A722B4 /* ActivityIndicator.swift in Sources */,
				651415D5243B55460068BC1B /* VideoDetails+ViewModel.swift in Sources */,
				657665652436477700EC2629 /* Player.swift in Sources */,
				65672BB7243B67C900BA0F65 /* Extensions.swift in Sources */,
				65852E84243CA4EB0079A69C /* PlayerView.swift in Sources */,
				6514CCA324390A84007F2802 /* VideoViewer.xcdatamodeld in Sources */,
				6518EAE4243A8D87005A2F91 /* HLSService.swift in Sources */,
				65C2BC182437E11D00F345CA /* Endpoint.swift in Sources */,
				656198722434D2BC006B2C15 /* VideoList.swift in Sources */,
			);
			runOnlyForDeploymentPostprocessing = 0;
		};
		6561987C2434D2BE006B2C15 /* Sources */ = {
			isa = PBXSourcesBuildPhase;
			buildActionMask = 2147483647;
			files = (
				659A21F6243BB7E9002E4097 /* VideoListViewModelTests.swift in Sources */,
				65F610A6243BDFE9009539A2 /* VideoDetailsViewModelTests.swift in Sources */,
				65F610AB243BE05D009539A2 /* CoreDataServiceMock.swift in Sources */,
				65F610AD243BEAF2009539A2 /* HLSServiceMock.swift in Sources */,
				65F610A9243BE019009539A2 /* APIServiceMock.swift in Sources */,
			);
			runOnlyForDeploymentPostprocessing = 0;
		};
/* End PBXSourcesBuildPhase section */

/* Begin PBXTargetDependency section */
		659A221F243BCD00002E4097 /* PBXTargetDependency */ = {
			isa = PBXTargetDependency;
			target = 656198692434D2BC006B2C15 /* VideoViewer */;
			targetProxy = 659A221E243BCD00002E4097 /* PBXContainerItemProxy */;
		};
/* End PBXTargetDependency section */

/* Begin PBXVariantGroup section */
		656198782434D2BE006B2C15 /* LaunchScreen.storyboard */ = {
			isa = PBXVariantGroup;
			children = (
				656198792434D2BE006B2C15 /* Base */,
			);
			name = LaunchScreen.storyboard;
			sourceTree = "<group>";
		};
/* End PBXVariantGroup section */

/* Begin XCBuildConfiguration section */
		656198872434D2BE006B2C15 /* Debug */ = {
			isa = XCBuildConfiguration;
			buildSettings = {
				ALWAYS_SEARCH_USER_PATHS = NO;
				CLANG_ANALYZER_NONNULL = YES;
				CLANG_ANALYZER_NUMBER_OBJECT_CONVERSION = YES_AGGRESSIVE;
				CLANG_CXX_LANGUAGE_STANDARD = "gnu++14";
				CLANG_CXX_LIBRARY = "libc++";
				CLANG_ENABLE_MODULES = YES;
				CLANG_ENABLE_OBJC_ARC = YES;
				CLANG_ENABLE_OBJC_WEAK = YES;
				CLANG_WARN_BLOCK_CAPTURE_AUTORELEASING = YES;
				CLANG_WARN_BOOL_CONVERSION = YES;
				CLANG_WARN_COMMA = YES;
				CLANG_WARN_CONSTANT_CONVERSION = YES;
				CLANG_WARN_DEPRECATED_OBJC_IMPLEMENTATIONS = YES;
				CLANG_WARN_DIRECT_OBJC_ISA_USAGE = YES_ERROR;
				CLANG_WARN_DOCUMENTATION_COMMENTS = YES;
				CLANG_WARN_EMPTY_BODY = YES;
				CLANG_WARN_ENUM_CONVERSION = YES;
				CLANG_WARN_INFINITE_RECURSION = YES;
				CLANG_WARN_INT_CONVERSION = YES;
				CLANG_WARN_NON_LITERAL_NULL_CONVERSION = YES;
				CLANG_WARN_OBJC_IMPLICIT_RETAIN_SELF = YES;
				CLANG_WARN_OBJC_LITERAL_CONVERSION = YES;
				CLANG_WARN_OBJC_ROOT_CLASS = YES_ERROR;
				CLANG_WARN_RANGE_LOOP_ANALYSIS = YES;
				CLANG_WARN_STRICT_PROTOTYPES = YES;
				CLANG_WARN_SUSPICIOUS_MOVE = YES;
				CLANG_WARN_UNGUARDED_AVAILABILITY = YES_AGGRESSIVE;
				CLANG_WARN_UNREACHABLE_CODE = YES;
				CLANG_WARN__DUPLICATE_METHOD_MATCH = YES;
				COPY_PHASE_STRIP = NO;
				DEBUG_INFORMATION_FORMAT = dwarf;
				ENABLE_STRICT_OBJC_MSGSEND = YES;
				ENABLE_TESTABILITY = YES;
				GCC_C_LANGUAGE_STANDARD = gnu11;
				GCC_DYNAMIC_NO_PIC = NO;
				GCC_NO_COMMON_BLOCKS = YES;
				GCC_OPTIMIZATION_LEVEL = 0;
				GCC_PREPROCESSOR_DEFINITIONS = (
					"DEBUG=1",
					"$(inherited)",
				);
				GCC_WARN_64_TO_32_BIT_CONVERSION = YES;
				GCC_WARN_ABOUT_RETURN_TYPE = YES_ERROR;
				GCC_WARN_UNDECLARED_SELECTOR = YES;
				GCC_WARN_UNINITIALIZED_AUTOS = YES_AGGRESSIVE;
				GCC_WARN_UNUSED_FUNCTION = YES;
				GCC_WARN_UNUSED_VARIABLE = YES;
				IPHONEOS_DEPLOYMENT_TARGET = 13.4;
				MTL_ENABLE_DEBUG_INFO = INCLUDE_SOURCE;
				MTL_FAST_MATH = YES;
				ONLY_ACTIVE_ARCH = YES;
				SDKROOT = iphoneos;
				SWIFT_ACTIVE_COMPILATION_CONDITIONS = DEBUG;
				SWIFT_OPTIMIZATION_LEVEL = "-Onone";
			};
			name = Debug;
		};
		656198882434D2BE006B2C15 /* Release */ = {
			isa = XCBuildConfiguration;
			buildSettings = {
				ALWAYS_SEARCH_USER_PATHS = NO;
				CLANG_ANALYZER_NONNULL = YES;
				CLANG_ANALYZER_NUMBER_OBJECT_CONVERSION = YES_AGGRESSIVE;
				CLANG_CXX_LANGUAGE_STANDARD = "gnu++14";
				CLANG_CXX_LIBRARY = "libc++";
				CLANG_ENABLE_MODULES = YES;
				CLANG_ENABLE_OBJC_ARC = YES;
				CLANG_ENABLE_OBJC_WEAK = YES;
				CLANG_WARN_BLOCK_CAPTURE_AUTORELEASING = YES;
				CLANG_WARN_BOOL_CONVERSION = YES;
				CLANG_WARN_COMMA = YES;
				CLANG_WARN_CONSTANT_CONVERSION = YES;
				CLANG_WARN_DEPRECATED_OBJC_IMPLEMENTATIONS = YES;
				CLANG_WARN_DIRECT_OBJC_ISA_USAGE = YES_ERROR;
				CLANG_WARN_DOCUMENTATION_COMMENTS = YES;
				CLANG_WARN_EMPTY_BODY = YES;
				CLANG_WARN_ENUM_CONVERSION = YES;
				CLANG_WARN_INFINITE_RECURSION = YES;
				CLANG_WARN_INT_CONVERSION = YES;
				CLANG_WARN_NON_LITERAL_NULL_CONVERSION = YES;
				CLANG_WARN_OBJC_IMPLICIT_RETAIN_SELF = YES;
				CLANG_WARN_OBJC_LITERAL_CONVERSION = YES;
				CLANG_WARN_OBJC_ROOT_CLASS = YES_ERROR;
				CLANG_WARN_RANGE_LOOP_ANALYSIS = YES;
				CLANG_WARN_STRICT_PROTOTYPES = YES;
				CLANG_WARN_SUSPICIOUS_MOVE = YES;
				CLANG_WARN_UNGUARDED_AVAILABILITY = YES_AGGRESSIVE;
				CLANG_WARN_UNREACHABLE_CODE = YES;
				CLANG_WARN__DUPLICATE_METHOD_MATCH = YES;
				COPY_PHASE_STRIP = NO;
				DEBUG_INFORMATION_FORMAT = "dwarf-with-dsym";
				ENABLE_NS_ASSERTIONS = NO;
				ENABLE_STRICT_OBJC_MSGSEND = YES;
				GCC_C_LANGUAGE_STANDARD = gnu11;
				GCC_NO_COMMON_BLOCKS = YES;
				GCC_WARN_64_TO_32_BIT_CONVERSION = YES;
				GCC_WARN_ABOUT_RETURN_TYPE = YES_ERROR;
				GCC_WARN_UNDECLARED_SELECTOR = YES;
				GCC_WARN_UNINITIALIZED_AUTOS = YES_AGGRESSIVE;
				GCC_WARN_UNUSED_FUNCTION = YES;
				GCC_WARN_UNUSED_VARIABLE = YES;
				IPHONEOS_DEPLOYMENT_TARGET = 13.4;
				MTL_ENABLE_DEBUG_INFO = NO;
				MTL_FAST_MATH = YES;
				SDKROOT = iphoneos;
				SWIFT_COMPILATION_MODE = wholemodule;
				SWIFT_OPTIMIZATION_LEVEL = "-O";
				VALIDATE_PRODUCT = YES;
			};
			name = Release;
		};
		6561988A2434D2BE006B2C15 /* Debug */ = {
			isa = XCBuildConfiguration;
			buildSettings = {
				ASSETCATALOG_COMPILER_APPICON_NAME = AppIcon;
				CODE_SIGN_STYLE = Automatic;
				DEVELOPMENT_ASSET_PATHS = "\"VideoViewer/Preview Content\"";
				DEVELOPMENT_TEAM = RB8S8SFW6F;
				ENABLE_PREVIEWS = YES;
				INFOPLIST_FILE = VideoViewer/Info.plist;
				IPHONEOS_DEPLOYMENT_TARGET = 13.3;
				LD_RUNPATH_SEARCH_PATHS = (
					"$(inherited)",
					"@executable_path/Frameworks",
				);
				PRODUCT_BUNDLE_IDENTIFIER = com.esesmuedgars.VideoViewer;
				PRODUCT_NAME = "$(TARGET_NAME)";
				SWIFT_VERSION = 5.0;
				TARGETED_DEVICE_FAMILY = "1,2";
			};
			name = Debug;
		};
		6561988B2434D2BE006B2C15 /* Release */ = {
			isa = XCBuildConfiguration;
			buildSettings = {
				ASSETCATALOG_COMPILER_APPICON_NAME = AppIcon;
				CODE_SIGN_STYLE = Automatic;
				DEVELOPMENT_ASSET_PATHS = "\"VideoViewer/Preview Content\"";
				DEVELOPMENT_TEAM = RB8S8SFW6F;
				ENABLE_PREVIEWS = YES;
				INFOPLIST_FILE = VideoViewer/Info.plist;
				IPHONEOS_DEPLOYMENT_TARGET = 13.3;
				LD_RUNPATH_SEARCH_PATHS = (
					"$(inherited)",
					"@executable_path/Frameworks",
				);
				PRODUCT_BUNDLE_IDENTIFIER = com.esesmuedgars.VideoViewer;
				PRODUCT_NAME = "$(TARGET_NAME)";
				SWIFT_VERSION = 5.0;
				TARGETED_DEVICE_FAMILY = "1,2";
			};
			name = Release;
		};
		6561988D2434D2BE006B2C15 /* Debug */ = {
			isa = XCBuildConfiguration;
			buildSettings = {
				ALWAYS_EMBED_SWIFT_STANDARD_LIBRARIES = YES;
				BUNDLE_LOADER = "$(TEST_HOST)";
				CODE_SIGN_STYLE = Automatic;
				DEVELOPMENT_TEAM = RB8S8SFW6F;
				INFOPLIST_FILE = VideoViewerTests/Info.plist;
				IPHONEOS_DEPLOYMENT_TARGET = 13.4;
				LD_RUNPATH_SEARCH_PATHS = (
					"$(inherited)",
					"@executable_path/Frameworks",
					"@loader_path/Frameworks",
				);
				PRODUCT_BUNDLE_IDENTIFIER = com.esesmuedgars.VideoViewerTests;
				PRODUCT_NAME = "$(TARGET_NAME)";
				SWIFT_VERSION = 5.0;
				TARGETED_DEVICE_FAMILY = "1,2";
				TEST_HOST = "$(BUILT_PRODUCTS_DIR)/VideoViewer.app/VideoViewer";
			};
			name = Debug;
		};
		6561988E2434D2BE006B2C15 /* Release */ = {
			isa = XCBuildConfiguration;
			buildSettings = {
				ALWAYS_EMBED_SWIFT_STANDARD_LIBRARIES = YES;
				BUNDLE_LOADER = "$(TEST_HOST)";
				CODE_SIGN_STYLE = Automatic;
				DEVELOPMENT_TEAM = RB8S8SFW6F;
				INFOPLIST_FILE = VideoViewerTests/Info.plist;
				IPHONEOS_DEPLOYMENT_TARGET = 13.4;
				LD_RUNPATH_SEARCH_PATHS = (
					"$(inherited)",
					"@executable_path/Frameworks",
					"@loader_path/Frameworks",
				);
				PRODUCT_BUNDLE_IDENTIFIER = com.esesmuedgars.VideoViewerTests;
				PRODUCT_NAME = "$(TARGET_NAME)";
				SWIFT_VERSION = 5.0;
				TARGETED_DEVICE_FAMILY = "1,2";
				TEST_HOST = "$(BUILT_PRODUCTS_DIR)/VideoViewer.app/VideoViewer";
			};
			name = Release;
		};
/* End XCBuildConfiguration section */

/* Begin XCConfigurationList section */
		656198652434D2BC006B2C15 /* Build configuration list for PBXProject "VideoViewer" */ = {
			isa = XCConfigurationList;
			buildConfigurations = (
				656198872434D2BE006B2C15 /* Debug */,
				656198882434D2BE006B2C15 /* Release */,
			);
			defaultConfigurationIsVisible = 0;
			defaultConfigurationName = Release;
		};
		656198892434D2BE006B2C15 /* Build configuration list for PBXNativeTarget "VideoViewer" */ = {
			isa = XCConfigurationList;
			buildConfigurations = (
				6561988A2434D2BE006B2C15 /* Debug */,
				6561988B2434D2BE006B2C15 /* Release */,
			);
			defaultConfigurationIsVisible = 0;
			defaultConfigurationName = Release;
		};
		6561988C2434D2BE006B2C15 /* Build configuration list for PBXNativeTarget "VideoViewerTests" */ = {
			isa = XCConfigurationList;
			buildConfigurations = (
				6561988D2434D2BE006B2C15 /* Debug */,
				6561988E2434D2BE006B2C15 /* Release */,
			);
			defaultConfigurationIsVisible = 0;
			defaultConfigurationName = Release;
		};
/* End XCConfigurationList section */

/* Begin XCVersionGroup section */
		6514CCA124390A84007F2802 /* VideoViewer.xcdatamodeld */ = {
			isa = XCVersionGroup;
			children = (
				6514CCA224390A84007F2802 /* VideoViewer.xcdatamodel */,
			);
			currentVersion = 6514CCA224390A84007F2802 /* VideoViewer.xcdatamodel */;
			path = VideoViewer.xcdatamodeld;
			sourceTree = "<group>";
			versionGroupType = wrapper.xcdatamodel;
		};
/* End XCVersionGroup section */
	};
	rootObject = 656198622434D2BC006B2C15 /* Project object */;
}
